
Microsoft Visual Studio Solution File, Format Version 12.00
Project("{FAE04EC0-301F-11D3-BF4B-00C04F79EFBC}") = "Framinosona.MauiRibbon", "Framinosona.MauiRibbon\Framinosona.MauiRibbon.csproj", "{F86B3E9C-221D-4B9B-97D3-5DB8956CF05B}"
EndProject
Project("{FAE04EC0-301F-11D3-BF4B-00C04F79EFBC}") = "Framinosona.MauiRibbon.Sample", "Framinosona.MauiRibbon.Sample\Framinosona.MauiRibbon.Sample.csproj", "{561DA370-E74E-4538-BAA1-BAE5CF11C099}"
EndProject
Global
	GlobalSection(SolutionConfigurationPlatforms) = preSolution
		Debug|Any CPU = Debug|Any CPU
		Release|Any CPU = Release|Any CPU
	EndGlobalSection
	GlobalSection(ProjectConfigurationPlatforms) = postSolution
		{F86B3E9C-221D-4B9B-97D3-5DB8956CF05B}.Debug|Any CPU.ActiveCfg = Debug|Any CPU
		{F86B3E9C-221D-4B9B-97D3-5DB8956CF05B}.Debug|Any CPU.Build.0 = Debug|Any CPU
		{F86B3E9C-221D-4B9B-97D3-5DB8956CF05B}.Release|Any CPU.ActiveCfg = Release|Any CPU
		{F86B3E9C-221D-4B9B-97D3-5DB8956CF05B}.Release|Any CPU.Build.0 = Release|Any CPU
		{561DA370-E74E-4538-BAA1-BAE5CF11C099}.Debug|Any CPU.ActiveCfg = Debug|Any CPU
		{561DA370-E74E-4538-BAA1-BAE5CF11C099}.Debug|Any CPU.Build.0 = Debug|Any CPU
		{561DA370-E74E-4538-BAA1-BAE5CF11C099}.Release|Any CPU.ActiveCfg = Release|Any CPU
	EndGlobalSection
EndGlobal
